// !$*UTF8*$!
{
	archiveVersion = 1;
	classes = {
	};
	objectVersion = 51;
	objects = {

/* Begin PBXBuildFile section */
		04330D69268B009300333AC9 /* AppDelegate.swift in Sources */ = {isa = PBXBuildFile; fileRef = 04330D68268B009300333AC9 /* AppDelegate.swift */; };
		04330D6B268B009300333AC9 /* SceneDelegate.swift in Sources */ = {isa = PBXBuildFile; fileRef = 04330D6A268B009300333AC9 /* SceneDelegate.swift */; };
		04330D6D268B009300333AC9 /* ViewController.swift in Sources */ = {isa = PBXBuildFile; fileRef = 04330D6C268B009300333AC9 /* ViewController.swift */; };
		04330D70268B009300333AC9 /* Main.storyboard in Resources */ = {isa = PBXBuildFile; fileRef = 04330D6E268B009300333AC9 /* Main.storyboard */; };
		04330D72268B009500333AC9 /* Assets.xcassets in Resources */ = {isa = PBXBuildFile; fileRef = 04330D71268B009500333AC9 /* Assets.xcassets */; };
		04330D75268B009500333AC9 /* LaunchScreen.storyboard in Resources */ = {isa = PBXBuildFile; fileRef = 04330D73268B009500333AC9 /* LaunchScreen.storyboard */; };
		04330D85268B025E00333AC9 /* FilterViewController.swift in Sources */ = {isa = PBXBuildFile; fileRef = 04330D84268B025E00333AC9 /* FilterViewController.swift */; };
		04330D89268B036A00333AC9 /* APICaller.swift in Sources */ = {isa = PBXBuildFile; fileRef = 04330D88268B036A00333AC9 /* APICaller.swift */; };
		04EB9F99268B18AF00AC676F /* Extension.swift in Sources */ = {isa = PBXBuildFile; fileRef = 04EB9F98268B18AF00AC676F /* Extension.swift */; };
		437E476B8C2489033B223FCE /* Pods_TraCkOVID.framework in Frameworks */ = {isa = PBXBuildFile; fileRef = D8133081ED52C20ECCB1E746 /* Pods_TraCkOVID.framework */; };
/* End PBXBuildFile section */

/* Begin PBXCopyFilesBuildPhase section */
		04EB9FA1268B251100AC676F /* Embed Frameworks */ = {
			isa = PBXCopyFilesBuildPhase;
			buildActionMask = 2147483647;
			dstPath = "";
			dstSubfolderSpec = 10;
			files = (
			);
			name = "Embed Frameworks";
			runOnlyForDeploymentPostprocessing = 0;
		};
/* End PBXCopyFilesBuildPhase section */

/* Begin PBXFileReference section */
		04330D65268B009300333AC9 /* TraCkOVID.app */ = {isa = PBXFileReference; explicitFileType = wrapper.application; includeInIndex = 0; path = TraCkOVID.app; sourceTree = BUILT_PRODUCTS_DIR; };
		04330D68268B009300333AC9 /* AppDelegate.swift */ = {isa = PBXFileReference; lastKnownFileType = sourcecode.swift; path = AppDelegate.swift; sourceTree = "<group>"; };
		04330D6A268B009300333AC9 /* SceneDelegate.swift */ = {isa = PBXFileReference; lastKnownFileType = sourcecode.swift; path = SceneDelegate.swift; sourceTree = "<group>"; };
		04330D6C268B009300333AC9 /* ViewController.swift */ = {isa = PBXFileReference; lastKnownFileType = sourcecode.swift; path = ViewController.swift; sourceTree = "<group>"; };
		04330D6F268B009300333AC9 /* Base */ = {isa = PBXFileReference; lastKnownFileType = file.storyboard; name = Base; path = Base.lproj/Main.storyboard; sourceTree = "<group>"; };
		04330D71268B009500333AC9 /* Assets.xcassets */ = {isa = PBXFileReference; lastKnownFileType = folder.assetcatalog; path = Assets.xcassets; sourceTree = "<group>"; };
		04330D74268B009500333AC9 /* Base */ = {isa = PBXFileReference; lastKnownFileType = file.storyboard; name = Base; path = Base.lproj/LaunchScreen.storyboard; sourceTree = "<group>"; };
		04330D76268B009500333AC9 /* Info.plist */ = {isa = PBXFileReference; lastKnownFileType = text.plist.xml; path = Info.plist; sourceTree = "<group>"; };
		04330D84268B025E00333AC9 /* FilterViewController.swift */ = {isa = PBXFileReference; lastKnownFileType = sourcecode.swift; path = FilterViewController.swift; sourceTree = "<group>"; };
		04330D88268B036A00333AC9 /* APICaller.swift */ = {isa = PBXFileReference; lastKnownFileType = sourcecode.swift; path = APICaller.swift; sourceTree = "<group>"; };
		04EB9F98268B18AF00AC676F /* Extension.swift */ = {isa = PBXFileReference; lastKnownFileType = sourcecode.swift; path = Extension.swift; sourceTree = "<group>"; };
		D7C5872801A3A5AB3ADF5D8F /* Pods-TraCkOVID.release.xcconfig */ = {isa = PBXFileReference; includeInIndex = 1; lastKnownFileType = text.xcconfig; name = "Pods-TraCkOVID.release.xcconfig"; path = "Target Support Files/Pods-TraCkOVID/Pods-TraCkOVID.release.xcconfig"; sourceTree = "<group>"; };
		D8133081ED52C20ECCB1E746 /* Pods_TraCkOVID.framework */ = {isa = PBXFileReference; explicitFileType = wrapper.framework; includeInIndex = 0; path = Pods_TraCkOVID.framework; sourceTree = BUILT_PRODUCTS_DIR; };
		EAB8B936B6326BC7427B8AE5 /* Pods-TraCkOVID.debug.xcconfig */ = {isa = PBXFileReference; includeInIndex = 1; lastKnownFileType = text.xcconfig; name = "Pods-TraCkOVID.debug.xcconfig"; path = "Target Support Files/Pods-TraCkOVID/Pods-TraCkOVID.debug.xcconfig"; sourceTree = "<group>"; };
/* End PBXFileReference section */

/* Begin PBXFrameworksBuildPhase section */
		04330D62268B009300333AC9 /* Frameworks */ = {
			isa = PBXFrameworksBuildPhase;
			buildActionMask = 2147483647;
			files = (
				437E476B8C2489033B223FCE /* Pods_TraCkOVID.framework in Frameworks */,
			);
			runOnlyForDeploymentPostprocessing = 0;
		};
/* End PBXFrameworksBuildPhase section */

/* Begin PBXGroup section */
		04330D5C268B009300333AC9 = {
			isa = PBXGroup;
			children = (
				04330D67268B009300333AC9 /* TraCkOVID */,
				04330D66268B009300333AC9 /* Products */,
				488D32F1C7B377CB51A6C865 /* Pods */,
				B587D60F96BEB5178A0A1AE1 /* Frameworks */,
			);
			sourceTree = "<group>";
		};
		04330D66268B009300333AC9 /* Products */ = {
			isa = PBXGroup;
			children = (
				04330D65268B009300333AC9 /* TraCkOVID.app */,
			);
			name = Products;
			sourceTree = "<group>";
		};
		04330D67268B009300333AC9 /* TraCkOVID */ = {
			isa = PBXGroup;
			children = (
				04330D80268B01C000333AC9 /* Resources */,
				04330D82268B021500333AC9 /* Manager */,
				04330D7E268B019F00333AC9 /* Controller */,
				04330D83268B021D00333AC9 /* Model */,
				04330D7F268B01AF00333AC9 /* View */,
				04330D81268B020900333AC9 /* ViewModel */,
				04330D76268B009500333AC9 /* Info.plist */,
			);
			path = TraCkOVID;
			sourceTree = "<group>";
		};
		04330D7E268B019F00333AC9 /* Controller */ = {
			isa = PBXGroup;
			children = (
				04330D6C268B009300333AC9 /* ViewController.swift */,
				04330D84268B025E00333AC9 /* FilterViewController.swift */,
			);
			path = Controller;
			sourceTree = "<group>";
		};
		04330D7F268B01AF00333AC9 /* View */ = {
			isa = PBXGroup;
			children = (
				04330D6E268B009300333AC9 /* Main.storyboard */,
				04330D73268B009500333AC9 /* LaunchScreen.storyboard */,
			);
			path = View;
			sourceTree = "<group>";
		};
		04330D80268B01C000333AC9 /* Resources */ = {
			isa = PBXGroup;
			children = (
				04330D68268B009300333AC9 /* AppDelegate.swift */,
				04330D6A268B009300333AC9 /* SceneDelegate.swift */,
				04330D71268B009500333AC9 /* Assets.xcassets */,
				04EB9F98268B18AF00AC676F /* Extension.swift */,
			);
			path = Resources;
			sourceTree = "<group>";
		};
		04330D81268B020900333AC9 /* ViewModel */ = {
			isa = PBXGroup;
			children = (
			);
			path = ViewModel;
			sourceTree = "<group>";
		};
		04330D82268B021500333AC9 /* Manager */ = {
			isa = PBXGroup;
			children = (
				04330D88268B036A00333AC9 /* APICaller.swift */,
			);
			path = Manager;
			sourceTree = "<group>";
		};
		04330D83268B021D00333AC9 /* Model */ = {
			isa = PBXGroup;
			children = (
			);
			path = Model;
			sourceTree = "<group>";
		};
		488D32F1C7B377CB51A6C865 /* Pods */ = {
			isa = PBXGroup;
			children = (
				EAB8B936B6326BC7427B8AE5 /* Pods-TraCkOVID.debug.xcconfig */,
				D7C5872801A3A5AB3ADF5D8F /* Pods-TraCkOVID.release.xcconfig */,
			);
			path = Pods;
			sourceTree = "<group>";
		};
		B587D60F96BEB5178A0A1AE1 /* Frameworks */ = {
			isa = PBXGroup;
			children = (
				D8133081ED52C20ECCB1E746 /* Pods_TraCkOVID.framework */,
			);
			name = Frameworks;
			sourceTree = "<group>";
		};
/* End PBXGroup section */

/* Begin PBXNativeTarget section */
		04330D64268B009300333AC9 /* TraCkOVID */ = {
			isa = PBXNativeTarget;
			buildConfigurationList = 04330D79268B009500333AC9 /* Build configuration list for PBXNativeTarget "TraCkOVID" */;
			buildPhases = (
				B8A8BAB06893ED6D0DAC5679 /* [CP] Check Pods Manifest.lock */,
				04330D61268B009300333AC9 /* Sources */,
				04330D62268B009300333AC9 /* Frameworks */,
				04330D63268B009300333AC9 /* Resources */,
				04EB9FA1268B251100AC676F /* Embed Frameworks */,
				2A411577208533E03DA0FA19 /* [CP] Embed Pods Frameworks */,
			);
			buildRules = (
			);
			dependencies = (
			);
			name = TraCkOVID;
			packageProductDependencies = (
			);
			productName = TraCkOVID;
			productReference = 04330D65268B009300333AC9 /* TraCkOVID.app */;
			productType = "com.apple.product-type.application";
		};
/* End PBXNativeTarget section */

/* Begin PBXProject section */
		04330D5D268B009300333AC9 /* Project object */ = {
			isa = PBXProject;
			attributes = {
				LastSwiftUpdateCheck = 1240;
				LastUpgradeCheck = 1240;
				TargetAttributes = {
					04330D64268B009300333AC9 = {
						CreatedOnToolsVersion = 12.4;
					};
				};
			};
			buildConfigurationList = 04330D60268B009300333AC9 /* Build configuration list for PBXProject "TraCkOVID" */;
			compatibilityVersion = "Xcode 9.3";
			developmentRegion = en;
			hasScannedForEncodings = 0;
			knownRegions = (
				en,
				Base,
			);
			mainGroup = 04330D5C268B009300333AC9;
			packageReferences = (
			);
			productRefGroup = 04330D66268B009300333AC9 /* Products */;
			projectDirPath = "";
			projectRoot = "";
			targets = (
				04330D64268B009300333AC9 /* TraCkOVID */,
			);
		};
/* End PBXProject section */

/* Begin PBXResourcesBuildPhase section */
		04330D63268B009300333AC9 /* Resources */ = {
			isa = PBXResourcesBuildPhase;
			buildActionMask = 2147483647;
			files = (
				04330D75268B009500333AC9 /* LaunchScreen.storyboard in Resources */,
				04330D72268B009500333AC9 /* Assets.xcassets in Resources */,
				04330D70268B009300333AC9 /* Main.storyboard in Resources */,
			);
			runOnlyForDeploymentPostprocessing = 0;
		};
/* End PBXResourcesBuildPhase section */

/* Begin PBXShellScriptBuildPhase section */
		2A411577208533E03DA0FA19 /* [CP] Embed Pods Frameworks */ = {
			isa = PBXShellScriptBuildPhase;
			buildActionMask = 2147483647;
			files = (
			);
			inputFileListPaths = (
				"${PODS_ROOT}/Target Support Files/Pods-TraCkOVID/Pods-TraCkOVID-frameworks-${CONFIGURATION}-input-files.xcfilelist",
			);
			name = "[CP] Embed Pods Frameworks";
			outputFileListPaths = (
				"${PODS_ROOT}/Target Support Files/Pods-TraCkOVID/Pods-TraCkOVID-frameworks-${CONFIGURATION}-output-files.xcfilelist",
			);
			runOnlyForDeploymentPostprocessing = 0;
			shellPath = /bin/sh;
			shellScript = "\"${PODS_ROOT}/Target Support Files/Pods-TraCkOVID/Pods-TraCkOVID-frameworks.sh\"\n";
			showEnvVarsInLog = 0;
		};
		B8A8BAB06893ED6D0DAC5679 /* [CP] Check Pods Manifest.lock */ = {
			isa = PBXShellScriptBuildPhase;
			buildActionMask = 2147483647;
			files = (
			);
			inputFileListPaths = (
			);
			inputPaths = (
				"${PODS_PODFILE_DIR_PATH}/Podfile.lock",
				"${PODS_ROOT}/Manifest.lock",
			);
			name = "[CP] Check Pods Manifest.lock";
			outputFileListPaths = (
			);
			outputPaths = (
				"$(DERIVED_FILE_DIR)/Pods-TraCkOVID-checkManifestLockResult.txt",
			);
			runOnlyForDeploymentPostprocessing = 0;
			shellPath = /bin/sh;
			shellScript = "diff \"${PODS_PODFILE_DIR_PATH}/Podfile.lock\" \"${PODS_ROOT}/Manifest.lock\" > /dev/null\nif [ $? != 0 ] ; then\n    # print error to STDERR\n    echo \"error: The sandbox is not in sync with the Podfile.lock. Run 'pod install' or update your CocoaPods installation.\" >&2\n    exit 1\nfi\n# This output is used by Xcode 'outputs' to avoid re-running this script phase.\necho \"SUCCESS\" > \"${SCRIPT_OUTPUT_FILE_0}\"\n";
			showEnvVarsInLog = 0;
		};
/* End PBXShellScriptBuildPhase section */

/* Begin PBXSourcesBuildPhase section */
		04330D61268B009300333AC9 /* Sources */ = {
			isa = PBXSourcesBuildPhase;
			buildActionMask = 2147483647;
			files = (
				04330D6D268B009300333AC9 /* ViewController.swift in Sources */,
				04330D69268B009300333AC9 /* AppDelegate.swift in Sources */,
				04330D85268B025E00333AC9 /* FilterViewController.swift in Sources */,
				04EB9F99268B18AF00AC676F /* Extension.swift in Sources */,
				04330D89268B036A00333AC9 /* APICaller.swift in Sources */,
				04330D6B268B009300333AC9 /* SceneDelegate.swift in Sources */,
			);
			runOnlyForDeploymentPostprocessing = 0;
		};
/* End PBXSourcesBuildPhase section */

/* Begin PBXVariantGroup section */
		04330D6E268B009300333AC9 /* Main.storyboard */ = {
			isa = PBXVariantGroup;
			children = (
				04330D6F268B009300333AC9 /* Base */,
			);
			name = Main.storyboard;
			sourceTree = "<group>";
		};
		04330D73268B009500333AC9 /* LaunchScreen.storyboard */ = {
			isa = PBXVariantGroup;
			children = (
				04330D74268B009500333AC9 /* Base */,
			);
			name = LaunchScreen.storyboard;
			sourceTree = "<group>";
		};
/* End PBXVariantGroup section */

/* Begin XCBuildConfiguration section */
		04330D77268B009500333AC9 /* Debug */ = {
			isa = XCBuildConfiguration;
			buildSettings = {
				ALWAYS_SEARCH_USER_PATHS = NO;
				CLANG_ANALYZER_NONNULL = YES;
				CLANG_ANALYZER_NUMBER_OBJECT_CONVERSION = YES_AGGRESSIVE;
				CLANG_CXX_LANGUAGE_STANDARD = "gnu++14";
				CLANG_CXX_LIBRARY = "libc++";
				CLANG_ENABLE_MODULES = YES;
				CLANG_ENABLE_OBJC_ARC = YES;
				CLANG_ENABLE_OBJC_WEAK = YES;
				CLANG_WARN_BLOCK_CAPTURE_AUTORELEASING = YES;
				CLANG_WARN_BOOL_CONVERSION = YES;
				CLANG_WARN_COMMA = YES;
				CLANG_WARN_CONSTANT_CONVERSION = YES;
				CLANG_WARN_DEPRECATED_OBJC_IMPLEMENTATIONS = YES;
				CLANG_WARN_DIRECT_OBJC_ISA_USAGE = YES_ERROR;
				CLANG_WARN_DOCUMENTATION_COMMENTS = YES;
				CLANG_WARN_EMPTY_BODY = YES;
				CLANG_WARN_ENUM_CONVERSION = YES;
				CLANG_WARN_INFINITE_RECURSION = YES;
				CLANG_WARN_INT_CONVERSION = YES;
				CLANG_WARN_NON_LITERAL_NULL_CONVERSION = YES;
				CLANG_WARN_OBJC_IMPLICIT_RETAIN_SELF = YES;
				CLANG_WARN_OBJC_LITERAL_CONVERSION = YES;
				CLANG_WARN_OBJC_ROOT_CLASS = YES_ERROR;
				CLANG_WARN_QUOTED_INCLUDE_IN_FRAMEWORK_HEADER = YES;
				CLANG_WARN_RANGE_LOOP_ANALYSIS = YES;
				CLANG_WARN_STRICT_PROTOTYPES = YES;
				CLANG_WARN_SUSPICIOUS_MOVE = YES;
				CLANG_WARN_UNGUARDED_AVAILABILITY = YES_AGGRESSIVE;
				CLANG_WARN_UNREACHABLE_CODE = YES;
				CLANG_WARN__DUPLICATE_METHOD_MATCH = YES;
				COPY_PHASE_STRIP = NO;
				DEBUG_INFORMATION_FORMAT = dwarf;
				ENABLE_STRICT_OBJC_MSGSEND = YES;
				ENABLE_TESTABILITY = YES;
				GCC_C_LANGUAGE_STANDARD = gnu11;
				GCC_DYNAMIC_NO_PIC = NO;
				GCC_NO_COMMON_BLOCKS = YES;
				GCC_OPTIMIZATION_LEVEL = 0;
				GCC_PREPROCESSOR_DEFINITIONS = (
					"DEBUG=1",
					"$(inherited)",
				);
				GCC_WARN_64_TO_32_BIT_CONVERSION = YES;
				GCC_WARN_ABOUT_RETURN_TYPE = YES_ERROR;
				GCC_WARN_UNDECLARED_SELECTOR = YES;
				GCC_WARN_UNINITIALIZED_AUTOS = YES_AGGRESSIVE;
				GCC_WARN_UNUSED_FUNCTION = YES;
				GCC_WARN_UNUSED_VARIABLE = YES;
				IPHONEOS_DEPLOYMENT_TARGET = 14.4;
				MTL_ENABLE_DEBUG_INFO = INCLUDE_SOURCE;
				MTL_FAST_MATH = YES;
				ONLY_ACTIVE_ARCH = YES;
				SDKROOT = iphoneos;
				SWIFT_ACTIVE_COMPILATION_CONDITIONS = DEBUG;
				SWIFT_OPTIMIZATION_LEVEL = "-Onone";
			};
			name = Debug;
		};
		04330D78268B009500333AC9 /* Release */ = {
			isa = XCBuildConfiguration;
			buildSettings = {
				ALWAYS_SEARCH_USER_PATHS = NO;
				CLANG_ANALYZER_NONNULL = YES;
				CLANG_ANALYZER_NUMBER_OBJECT_CONVERSION = YES_AGGRESSIVE;
				CLANG_CXX_LANGUAGE_STANDARD = "gnu++14";
				CLANG_CXX_LIBRARY = "libc++";
				CLANG_ENABLE_MODULES = YES;
				CLANG_ENABLE_OBJC_ARC = YES;
				CLANG_ENABLE_OBJC_WEAK = YES;
				CLANG_WARN_BLOCK_CAPTURE_AUTORELEASING = YES;
				CLANG_WARN_BOOL_CONVERSION = YES;
				CLANG_WARN_COMMA = YES;
				CLANG_WARN_CONSTANT_CONVERSION = YES;
				CLANG_WARN_DEPRECATED_OBJC_IMPLEMENTATIONS = YES;
				CLANG_WARN_DIRECT_OBJC_ISA_USAGE = YES_ERROR;
				CLANG_WARN_DOCUMENTATION_COMMENTS = YES;
				CLANG_WARN_EMPTY_BODY = YES;
				CLANG_WARN_ENUM_CONVERSION = YES;
				CLANG_WARN_INFINITE_RECURSION = YES;
				CLANG_WARN_INT_CONVERSION = YES;
				CLANG_WARN_NON_LITERAL_NULL_CONVERSION = YES;
				CLANG_WARN_OBJC_IMPLICIT_RETAIN_SELF = YES;
				CLANG_WARN_OBJC_LITERAL_CONVERSION = YES;
				CLANG_WARN_OBJC_ROOT_CLASS = YES_ERROR;
				CLANG_WARN_QUOTED_INCLUDE_IN_FRAMEWORK_HEADER = YES;
				CLANG_WARN_RANGE_LOOP_ANALYSIS = YES;
				CLANG_WARN_STRICT_PROTOTYPES = YES;
				CLANG_WARN_SUSPICIOUS_MOVE = YES;
				CLANG_WARN_UNGUARDED_AVAILABILITY = YES_AGGRESSIVE;
				CLANG_WARN_UNREACHABLE_CODE = YES;
				CLANG_WARN__DUPLICATE_METHOD_MATCH = YES;
				COPY_PHASE_STRIP = NO;
				DEBUG_INFORMATION_FORMAT = "dwarf-with-dsym";
				ENABLE_NS_ASSERTIONS = NO;
				ENABLE_STRICT_OBJC_MSGSEND = YES;
				GCC_C_LANGUAGE_STANDARD = gnu11;
				GCC_NO_COMMON_BLOCKS = YES;
				GCC_WARN_64_TO_32_BIT_CONVERSION = YES;
				GCC_WARN_ABOUT_RETURN_TYPE = YES_ERROR;
				GCC_WARN_UNDECLARED_SELECTOR = YES;
				GCC_WARN_UNINITIALIZED_AUTOS = YES_AGGRESSIVE;
				GCC_WARN_UNUSED_FUNCTION = YES;
				GCC_WARN_UNUSED_VARIABLE = YES;
				IPHONEOS_DEPLOYMENT_TARGET = 14.4;
				MTL_ENABLE_DEBUG_INFO = NO;
				MTL_FAST_MATH = YES;
				SDKROOT = iphoneos;
				SWIFT_COMPILATION_MODE = wholemodule;
				SWIFT_OPTIMIZATION_LEVEL = "-O";
				VALIDATE_PRODUCT = YES;
			};
			name = Release;
		};
		04330D7A268B009500333AC9 /* Debug */ = {
			isa = XCBuildConfiguration;
			baseConfigurationReference = EAB8B936B6326BC7427B8AE5 /* Pods-TraCkOVID.debug.xcconfig */;
			buildSettings = {
				ASSETCATALOG_COMPILER_APPICON_NAME = AppIcon;
				ASSETCATALOG_COMPILER_GLOBAL_ACCENT_COLOR_NAME = AccentColor;
				CODE_SIGN_STYLE = Automatic;
				DEVELOPMENT_TEAM = 7ZBHT89JPN;
				INFOPLIST_FILE = TraCkOVID/Info.plist;
				IPHONEOS_DEPLOYMENT_TARGET = 13.6;
				LD_RUNPATH_SEARCH_PATHS = (
					"$(inherited)",
					"@executable_path/Frameworks",
				);
				PRODUCT_BUNDLE_IDENTIFIER = com.jervygu.TraCkOVID;
				PRODUCT_NAME = "$(TARGET_NAME)";
				SWIFT_VERSION = 5.0;
				TARGETED_DEVICE_FAMILY = "1,2";
			};
			name = Debug;
		};
		04330D7B268B009500333AC9 /* Release */ = {
			isa = XCBuildConfiguration;
			baseConfigurationReference = D7C5872801A3A5AB3ADF5D8F /* Pods-TraCkOVID.release.xcconfig */;
			buildSettings = {
				ASSETCATALOG_COMPILER_APPICON_NAME = AppIcon;
				ASSETCATALOG_COMPILER_GLOBAL_ACCENT_COLOR_NAME = AccentColor;
				CODE_SIGN_STYLE = Automatic;
				DEVELOPMENT_TEAM = 7ZBHT89JPN;
				INFOPLIST_FILE = TraCkOVID/Info.plist;
				IPHONEOS_DEPLOYMENT_TARGET = 13.6;
				LD_RUNPATH_SEARCH_PATHS = (
					"$(inherited)",
					"@executable_path/Frameworks",
				);
				PRODUCT_BUNDLE_IDENTIFIER = com.jervygu.TraCkOVID;
				PRODUCT_NAME = "$(TARGET_NAME)";
				SWIFT_VERSION = 5.0;
				TARGETED_DEVICE_FAMILY = "1,2";
			};
			name = Release;
		};
/* End XCBuildConfiguration section */

/* Begin XCConfigurationList section */
		04330D60268B009300333AC9 /* Build configuration list for PBXProject "TraCkOVID" */ = {
			isa = XCConfigurationList;
			buildConfigurations = (
				04330D77268B009500333AC9 /* Debug */,
				04330D78268B009500333AC9 /* Release */,
			);
			defaultConfigurationIsVisible = 0;
			defaultConfigurationName = Release;
		};
		04330D79268B009500333AC9 /* Build configuration list for PBXNativeTarget "TraCkOVID" */ = {
			isa = XCConfigurationList;
			buildConfigurations = (
				04330D7A268B009500333AC9 /* Debug */,
				04330D7B268B009500333AC9 /* Release */,
			);
			defaultConfigurationIsVisible = 0;
			defaultConfigurationName = Release;
		};
/* End XCConfigurationList section */
	};
	rootObject = 04330D5D268B009300333AC9 /* Project object */;
}
